// !$*UTF8*$!
{
	archiveVersion = 1;
	classes = {
	};
	objectVersion = 48;
	objects = {

/* Begin PBXBuildFile section */
		84B64EC61FCEBA710093E579 /* AppDelegate.swift in Sources */ = {isa = PBXBuildFile; fileRef = 84B64EC51FCEBA710093E579 /* AppDelegate.swift */; };
		84B64EC81FCEBA710093E579 /* ViewController.swift in Sources */ = {isa = PBXBuildFile; fileRef = 84B64EC71FCEBA710093E579 /* ViewController.swift */; };
		84B64ECB1FCEBA710093E579 /* Main.storyboard in Resources */ = {isa = PBXBuildFile; fileRef = 84B64EC91FCEBA710093E579 /* Main.storyboard */; };
		84B64ECD1FCEBA710093E579 /* Assets.xcassets in Resources */ = {isa = PBXBuildFile; fileRef = 84B64ECC1FCEBA710093E579 /* Assets.xcassets */; };
		84B64ED01FCEBA710093E579 /* LaunchScreen.storyboard in Resources */ = {isa = PBXBuildFile; fileRef = 84B64ECE1FCEBA710093E579 /* LaunchScreen.storyboard */; };
		84D7054D1FCECB6F00479474 /* CustomUIButton.swift in Sources */ = {isa = PBXBuildFile; fileRef = 84D7054C1FCECB6F00479474 /* CustomUIButton.swift */; };
/* End PBXBuildFile section */

/* Begin PBXFileReference section */
		84B64EC21FCEBA700093E579 /* ARKitSelfieApplication.app */ = {isa = PBXFileReference; explicitFileType = wrapper.application; includeInIndex = 0; path = ARKitSelfieApplication.app; sourceTree = BUILT_PRODUCTS_DIR; };
		84B64EC51FCEBA710093E579 /* AppDelegate.swift */ = {isa = PBXFileReference; lastKnownFileType = sourcecode.swift; path = AppDelegate.swift; sourceTree = "<group>"; };
		84B64EC71FCEBA710093E579 /* ViewController.swift */ = {isa = PBXFileReference; lastKnownFileType = sourcecode.swift; path = ViewController.swift; sourceTree = "<group>"; };
		84B64ECA1FCEBA710093E579 /* Base */ = {isa = PBXFileReference; lastKnownFileType = file.storyboard; name = Base; path = Base.lproj/Main.storyboard; sourceTree = "<group>"; };
		84B64ECC1FCEBA710093E579 /* Assets.xcassets */ = {isa = PBXFileReference; lastKnownFileType = folder.assetcatalog; path = Assets.xcassets; sourceTree = "<group>"; };
		84B64ECF1FCEBA710093E579 /* Base */ = {isa = PBXFileReference; lastKnownFileType = file.storyboard; name = Base; path = Base.lproj/LaunchScreen.storyboard; sourceTree = "<group>"; };
		84B64ED11FCEBA710093E579 /* Info.plist */ = {isa = PBXFileReference; lastKnownFileType = text.plist.xml; path = Info.plist; sourceTree = "<group>"; };
		84D7054C1FCECB6F00479474 /* CustomUIButton.swift */ = {isa = PBXFileReference; lastKnownFileType = sourcecode.swift; path = CustomUIButton.swift; sourceTree = "<group>"; };
/* End PBXFileReference section */

/* Begin PBXFrameworksBuildPhase section */
		84B64EBF1FCEBA700093E579 /* Frameworks */ = {
			isa = PBXFrameworksBuildPhase;
			buildActionMask = 2147483647;
			files = (
			);
			runOnlyForDeploymentPostprocessing = 0;
		};
/* End PBXFrameworksBuildPhase section */

/* Begin PBXGroup section */
		84B64EB91FCEBA700093E579 = {
			isa = PBXGroup;
			children = (
				84B64EC41FCEBA700093E579 /* ARKitSelfieApplication */,
				84B64EC31FCEBA700093E579 /* Products */,
			);
			sourceTree = "<group>";
		};
		84B64EC31FCEBA700093E579 /* Products */ = {
			isa = PBXGroup;
			children = (
				84B64EC21FCEBA700093E579 /* ARKitSelfieApplication.app */,
			);
			name = Products;
			sourceTree = "<group>";
		};
		84B64EC41FCEBA700093E579 /* ARKitSelfieApplication */ = {
			isa = PBXGroup;
			children = (
				84D7054B1FCECB4100479474 /* Extension */,
				84B64EC51FCEBA710093E579 /* AppDelegate.swift */,
				84B64EC71FCEBA710093E579 /* ViewController.swift */,
				84B64EC91FCEBA710093E579 /* Main.storyboard */,
				84B64ECC1FCEBA710093E579 /* Assets.xcassets */,
				84B64ECE1FCEBA710093E579 /* LaunchScreen.storyboard */,
				84B64ED11FCEBA710093E579 /* Info.plist */,
			);
			path = ARKitSelfieApplication;
			sourceTree = "<group>";
		};
		84D7054B1FCECB4100479474 /* Extension */ = {
			isa = PBXGroup;
			children = (
				84D7054C1FCECB6F00479474 /* CustomUIButton.swift */,
			);
			path = Extension;
			sourceTree = "<group>";
		};
/* End PBXGroup section */

/* Begin PBXNativeTarget section */
		84B64EC11FCEBA700093E579 /* ARKitSelfieApplication */ = {
			isa = PBXNativeTarget;
			buildConfigurationList = 84B64ED41FCEBA710093E579 /* Build configuration list for PBXNativeTarget "ARKitSelfieApplication" */;
			buildPhases = (
				84B64EBE1FCEBA700093E579 /* Sources */,
				84B64EBF1FCEBA700093E579 /* Frameworks */,
				84B64EC01FCEBA700093E579 /* Resources */,
			);
			buildRules = (
			);
			dependencies = (
			);
			name = ARKitSelfieApplication;
			productName = ARKitSelfieApplication;
			productReference = 84B64EC21FCEBA700093E579 /* ARKitSelfieApplication.app */;
			productType = "com.apple.product-type.application";
		};
/* End PBXNativeTarget section */

/* Begin PBXProject section */
		84B64EBA1FCEBA700093E579 /* Project object */ = {
			isa = PBXProject;
			attributes = {
				LastSwiftUpdateCheck = 0910;
				LastUpgradeCheck = 0910;
				ORGANIZATIONNAME = MuhammadAamir;
				TargetAttributes = {
					84B64EC11FCEBA700093E579 = {
						CreatedOnToolsVersion = 9.1;
						ProvisioningStyle = Automatic;
					};
				};
			};
			buildConfigurationList = 84B64EBD1FCEBA700093E579 /* Build configuration list for PBXProject "ARKitSelfieApplication" */;
			compatibilityVersion = "Xcode 8.0";
			developmentRegion = en;
			hasScannedForEncodings = 0;
			knownRegions = (
				en,
				Base,
			);
			mainGroup = 84B64EB91FCEBA700093E579;
			productRefGroup = 84B64EC31FCEBA700093E579 /* Products */;
			projectDirPath = "";
			projectRoot = "";
			targets = (
				84B64EC11FCEBA700093E579 /* ARKitSelfieApplication */,
			);
		};
/* End PBXProject section */

/* Begin PBXResourcesBuildPhase section */
		84B64EC01FCEBA700093E579 /* Resources */ = {
			isa = PBXResourcesBuildPhase;
			buildActionMask = 2147483647;
			files = (
				84B64ED01FCEBA710093E579 /* LaunchScreen.storyboard in Resources */,
				84B64ECD1FCEBA710093E579 /* Assets.xcassets in Resources */,
				84B64ECB1FCEBA710093E579 /* Main.storyboard in Resources */,
			);
			runOnlyForDeploymentPostprocessing = 0;
		};
/* End PBXResourcesBuildPhase section */

/* Begin PBXSourcesBuildPhase section */
		84B64EBE1FCEBA700093E579 /* Sources */ = {
			isa = PBXSourcesBuildPhase;
			buildActionMask = 2147483647;
			files = (
				84B64EC81FCEBA710093E579 /* ViewController.swift in Sources */,
				84B64EC61FCEBA710093E579 /* AppDelegate.swift in Sources */,
				84D7054D1FCECB6F00479474 /* CustomUIButton.swift in Sources */,
			);
			runOnlyForDeploymentPostprocessing = 0;
		};
/* End PBXSourcesBuildPhase section */

/* Begin PBXVariantGroup section */
		84B64EC91FCEBA710093E579 /* Main.storyboard */ = {
			isa = PBXVariantGroup;
			children = (
				84B64ECA1FCEBA710093E579 /* Base */,
			);
			name = Main.storyboard;
			sourceTree = "<group>";
		};
		84B64ECE1FCEBA710093E579 /* LaunchScreen.storyboard */ = {
			isa = PBXVariantGroup;
			children = (
				84B64ECF1FCEBA710093E579 /* Base */,
			);
			name = LaunchScreen.storyboard;
			sourceTree = "<group>";
		};
/* End PBXVariantGroup section */

/* Begin XCBuildConfiguration section */
		84B64ED21FCEBA710093E579 /* Debug */ = {
			isa = XCBuildConfiguration;
			buildSettings = {
				ALWAYS_SEARCH_USER_PATHS = NO;
				CLANG_ANALYZER_NONNULL = YES;
				CLANG_ANALYZER_NUMBER_OBJECT_CONVERSION = YES_AGGRESSIVE;
				CLANG_CXX_LANGUAGE_STANDARD = "gnu++14";
				CLANG_CXX_LIBRARY = "libc++";
				CLANG_ENABLE_MODULES = YES;
				CLANG_ENABLE_OBJC_ARC = YES;
				CLANG_WARN_BLOCK_CAPTURE_AUTORELEASING = YES;
				CLANG_WARN_BOOL_CONVERSION = YES;
				CLANG_WARN_COMMA = YES;
				CLANG_WARN_CONSTANT_CONVERSION = YES;
				CLANG_WARN_DIRECT_OBJC_ISA_USAGE = YES_ERROR;
				CLANG_WARN_DOCUMENTATION_COMMENTS = YES;
				CLANG_WARN_EMPTY_BODY = YES;
				CLANG_WARN_ENUM_CONVERSION = YES;
				CLANG_WARN_INFINITE_RECURSION = YES;
				CLANG_WARN_INT_CONVERSION = YES;
				CLANG_WARN_NON_LITERAL_NULL_CONVERSION = YES;
				CLANG_WARN_OBJC_LITERAL_CONVERSION = YES;
				CLANG_WARN_OBJC_ROOT_CLASS = YES_ERROR;
				CLANG_WARN_RANGE_LOOP_ANALYSIS = YES;
				CLANG_WARN_STRICT_PROTOTYPES = YES;
				CLANG_WARN_SUSPICIOUS_MOVE = YES;
				CLANG_WARN_UNGUARDED_AVAILABILITY = YES_AGGRESSIVE;
				CLANG_WARN_UNREACHABLE_CODE = YES;
				CLANG_WARN__DUPLICATE_METHOD_MATCH = YES;
				CODE_SIGN_IDENTITY = "iPhone Developer";
				COPY_PHASE_STRIP = NO;
				DEBUG_INFORMATION_FORMAT = dwarf;
				ENABLE_STRICT_OBJC_MSGSEND = YES;
				ENABLE_TESTABILITY = YES;
				GCC_C_LANGUAGE_STANDARD = gnu11;
				GCC_DYNAMIC_NO_PIC = NO;
				GCC_NO_COMMON_BLOCKS = YES;
				GCC_OPTIMIZATION_LEVEL = 0;
				GCC_PREPROCESSOR_DEFINITIONS = (
					"DEBUG=1",
					"$(inherited)",
				);
				GCC_WARN_64_TO_32_BIT_CONVERSION = YES;
				GCC_WARN_ABOUT_RETURN_TYPE = YES_ERROR;
				GCC_WARN_UNDECLARED_SELECTOR = YES;
				GCC_WARN_UNINITIALIZED_AUTOS = YES_AGGRESSIVE;
				GCC_WARN_UNUSED_FUNCTION = YES;
				GCC_WARN_UNUSED_VARIABLE = YES;
				IPHONEOS_DEPLOYMENT_TARGET = 11.1;
				MTL_ENABLE_DEBUG_INFO = YES;
				ONLY_ACTIVE_ARCH = YES;
				SDKROOT = iphoneos;
				SWIFT_ACTIVE_COMPILATION_CONDITIONS = DEBUG;
				SWIFT_OPTIMIZATION_LEVEL = "-Onone";
			};
			name = Debug;
		};
		84B64ED31FCEBA710093E579 /* Release */ = {
			isa = XCBuildConfiguration;
			buildSettings = {
				ALWAYS_SEARCH_USER_PATHS = NO;
				CLANG_ANALYZER_NONNULL = YES;
				CLANG_ANALYZER_NUMBER_OBJECT_CONVERSION = YES_AGGRESSIVE;
				CLANG_CXX_LANGUAGE_STANDARD = "gnu++14";
				CLANG_CXX_LIBRARY = "libc++";
				CLANG_ENABLE_MODULES = YES;
				CLANG_ENABLE_OBJC_ARC = YES;
				CLANG_WARN_BLOCK_CAPTURE_AUTORELEASING = YES;
				CLANG_WARN_BOOL_CONVERSION = YES;
				CLANG_WARN_COMMA = YES;
				CLANG_WARN_CONSTANT_CONVERSION = YES;
				CLANG_WARN_DIRECT_OBJC_ISA_USAGE = YES_ERROR;
				CLANG_WARN_DOCUMENTATION_COMMENTS = YES;
				CLANG_WARN_EMPTY_BODY = YES;
				CLANG_WARN_ENUM_CONVERSION = YES;
				CLANG_WARN_INFINITE_RECURSION = YES;
				CLANG_WARN_INT_CONVERSION = YES;
				CLANG_WARN_NON_LITERAL_NULL_CONVERSION = YES;
				CLANG_WARN_OBJC_LITERAL_CONVERSION = YES;
				CLANG_WARN_OBJC_ROOT_CLASS = YES_ERROR;
				CLANG_WARN_RANGE_LOOP_ANALYSIS = YES;
				CLANG_WARN_STRICT_PROTOTYPES = YES;
				CLANG_WARN_SUSPICIOUS_MOVE = YES;
				CLANG_WARN_UNGUARDED_AVAILABILITY = YES_AGGRESSIVE;
				CLANG_WARN_UNREACHABLE_CODE = YES;
				CLANG_WARN__DUPLICATE_METHOD_MATCH = YES;
				CODE_SIGN_IDENTITY = "iPhone Developer";
				COPY_PHASE_STRIP = NO;
				DEBUG_INFORMATION_FORMAT = "dwarf-with-dsym";
				ENABLE_NS_ASSERTIONS = NO;
				ENABLE_STRICT_OBJC_MSGSEND = YES;
				GCC_C_LANGUAGE_STANDARD = gnu11;
				GCC_NO_COMMON_BLOCKS = YES;
				GCC_WARN_64_TO_32_BIT_CONVERSION = YES;
				GCC_WARN_ABOUT_RETURN_TYPE = YES_ERROR;
				GCC_WARN_UNDECLARED_SELECTOR = YES;
				GCC_WARN_UNINITIALIZED_AUTOS = YES_AGGRESSIVE;
				GCC_WARN_UNUSED_FUNCTION = YES;
				GCC_WARN_UNUSED_VARIABLE = YES;
				IPHONEOS_DEPLOYMENT_TARGET = 11.1;
				MTL_ENABLE_DEBUG_INFO = NO;
				SDKROOT = iphoneos;
				SWIFT_OPTIMIZATION_LEVEL = "-Owholemodule";
				VALIDATE_PRODUCT = YES;
			};
			name = Release;
		};
		84B64ED51FCEBA710093E579 /* Debug */ = {
			isa = XCBuildConfiguration;
			buildSettings = {
				ASSETCATALOG_COMPILER_APPICON_NAME = AppIcon;
				CODE_SIGN_STYLE = Automatic;
				DEVELOPMENT_TEAM = SUBZ24DP5B;
				INFOPLIST_FILE = ARKitSelfieApplication/Info.plist;
				LD_RUNPATH_SEARCH_PATHS = "$(inherited) @executable_path/Frameworks";
				PRODUCT_BUNDLE_IDENTIFIER = IOS.ARKitSelfieApplication;
				PRODUCT_NAME = "$(TARGET_NAME)";
				SWIFT_VERSION = 4.0;
				TARGETED_DEVICE_FAMILY = "1,2";
			};
			name = Debug;
		};
		84B64ED61FCEBA710093E579 /* Release */ = {
			isa = XCBuildConfiguration;
			buildSettings = {
				ASSETCATALOG_COMPILER_APPICON_NAME = AppIcon;
				CODE_SIGN_STYLE = Automatic;
				DEVELOPMENT_TEAM = SUBZ24DP5B;
				INFOPLIST_FILE = ARKitSelfieApplication/Info.plist;
				LD_RUNPATH_SEARCH_PATHS = "$(inherited) @executable_path/Frameworks";
				PRODUCT_BUNDLE_IDENTIFIER = IOS.ARKitSelfieApplication;
				PRODUCT_NAME = "$(TARGET_NAME)";
				SWIFT_VERSION = 4.0;
				TARGETED_DEVICE_FAMILY = "1,2";
			};
			name = Release;
		};
/* End XCBuildConfiguration section */

/* Begin XCConfigurationList section */
		84B64EBD1FCEBA700093E579 /* Build configuration list for PBXProject "ARKitSelfieApplication" */ = {
			isa = XCConfigurationList;
			buildConfigurations = (
				84B64ED21FCEBA710093E579 /* Debug */,
				84B64ED31FCEBA710093E579 /* Release */,
			);
			defaultConfigurationIsVisible = 0;
			defaultConfigurationName = Release;
		};
		84B64ED41FCEBA710093E579 /* Build configuration list for PBXNativeTarget "ARKitSelfieApplication" */ = {
			isa = XCConfigurationList;
			buildConfigurations = (
				84B64ED51FCEBA710093E579 /* Debug */,
				84B64ED61FCEBA710093E579 /* Release */,
			);
			defaultConfigurationIsVisible = 0;
			defaultConfigurationName = Release;
		};
/* End XCConfigurationList section */
	};
	rootObject = 84B64EBA1FCEBA700093E579 /* Project object */;
}
